
Microsoft Visual Studio Solution File, Format Version 12.00
# Visual Studio Version 16
VisualStudioVersion = 16.0.30907.101
MinimumVisualStudioVersion = 10.0.40219.1
Project("{FAE04EC0-301F-11D3-BF4B-00C04F79EFBC}") = "ProcesadorBib", "ProcesadorBib\ProcesadorBib.csproj", "{46108BD9-8C0F-4174-AAC9-C9DA4444F6F4}"
EndProject
Global
	GlobalSection(SolutionConfigurationPlatforms) = preSolution
		Debug|Any CPU = Debug|Any CPU
		Release|Any CPU = Release|Any CPU
	EndGlobalSection
	GlobalSection(ProjectConfigurationPlatforms) = postSolution
		{46108BD9-8C0F-4174-AAC9-C9DA4444F6F4}.Debug|Any CPU.ActiveCfg = Debug|Any CPU
		{46108BD9-8C0F-4174-AAC9-C9DA4444F6F4}.Debug|Any CPU.Build.0 = Debug|Any CPU
		{46108BD9-8C0F-4174-AAC9-C9DA4444F6F4}.Release|Any CPU.ActiveCfg = Release|Any CPU
		{46108BD9-8C0F-4174-AAC9-C9DA4444F6F4}.Release|Any CPU.Build.0 = Release|Any CPU
	EndGlobalSection
	GlobalSection(SolutionProperties) = preSolution
		HideSolutionNode = FALSE
	EndGlobalSection
	GlobalSection(ExtensibilityGlobals) = postSolution
		SolutionGuid = {23F70B71-A318-4138-A390-D975742EAF6B}
	EndGlobalSection
EndGlobal
